
Microsoft Visual Studio Solution File, Format Version 12.00
# Visual Studio Version 17
VisualStudioVersion = 17.5.33516.290
MinimumVisualStudioVersion = 10.0.40219.1
Project("{FAE04EC0-301F-11D3-BF4B-00C04F79EFBC}") = "TigerS.H.O.P", "TigerS.H.O.P\TigerS.H.O.P.csproj", "{0281E3D0-8193-491E-A101-952FF026A291}"
EndProject
Global
	GlobalSection(SolutionConfigurationPlatforms) = preSolution
		Debug|Any CPU = Debug|Any CPU
		Release|Any CPU = Release|Any CPU
	EndGlobalSection
	GlobalSection(ProjectConfigurationPlatforms) = postSolution
		{0281E3D0-8193-491E-A101-952FF026A291}.Debug|Any CPU.ActiveCfg = Debug|Any CPU
		{0281E3D0-8193-491E-A101-952FF026A291}.Debug|Any CPU.Build.0 = Debug|Any CPU
		{0281E3D0-8193-491E-A101-952FF026A291}.Release|Any CPU.ActiveCfg = Release|Any CPU
		{0281E3D0-8193-491E-A101-952FF026A291}.Release|Any CPU.Build.0 = Release|Any CPU
	EndGlobalSection
	GlobalSection(SolutionProperties) = preSolution
		HideSolutionNode = FALSE
	EndGlobalSection
	GlobalSection(ExtensibilityGlobals) = postSolution
		SolutionGuid = {3C1AAE9A-23BE-4D44-9AE2-0E757830A9FD}
	EndGlobalSection
EndGlobal
